
Microsoft Visual Studio Solution File, Format Version 12.00
# Visual Studio Version 17
VisualStudioVersion = 17.9.34701.34
MinimumVisualStudioVersion = 10.0.40219.1
Project("{9A19103F-16F7-4668-BE54-9A1E7A4F7556}") = "TPW", "TPW\TPW.csproj", "{ADA35D6F-0CA5-47E7-B9B4-B9A183F20F2F}"
EndProject
Project("{9A19103F-16F7-4668-BE54-9A1E7A4F7556}") = "TPWTests", "TPWTests\TPWTests.csproj", "{EE51E09F-BBA8-4B5E-8AAF-3106DBB814C8}"
	ProjectSection(ProjectDependencies) = postProject
		{ADA35D6F-0CA5-47E7-B9B4-B9A183F20F2F} = {ADA35D6F-0CA5-47E7-B9B4-B9A183F20F2F}
	EndProjectSection
EndProject
Global
	GlobalSection(SolutionConfigurationPlatforms) = preSolution
		Debug|Any CPU = Debug|Any CPU
		Release|Any CPU = Release|Any CPU
	EndGlobalSection
	GlobalSection(ProjectConfigurationPlatforms) = postSolution
		{ADA35D6F-0CA5-47E7-B9B4-B9A183F20F2F}.Debug|Any CPU.ActiveCfg = Debug|Any CPU
		{ADA35D6F-0CA5-47E7-B9B4-B9A183F20F2F}.Debug|Any CPU.Build.0 = Debug|Any CPU
		{ADA35D6F-0CA5-47E7-B9B4-B9A183F20F2F}.Release|Any CPU.ActiveCfg = Release|Any CPU
		{ADA35D6F-0CA5-47E7-B9B4-B9A183F20F2F}.Release|Any CPU.Build.0 = Release|Any CPU
		{EE51E09F-BBA8-4B5E-8AAF-3106DBB814C8}.Debug|Any CPU.ActiveCfg = Debug|Any CPU
		{EE51E09F-BBA8-4B5E-8AAF-3106DBB814C8}.Debug|Any CPU.Build.0 = Debug|Any CPU
		{EE51E09F-BBA8-4B5E-8AAF-3106DBB814C8}.Release|Any CPU.ActiveCfg = Release|Any CPU
		{EE51E09F-BBA8-4B5E-8AAF-3106DBB814C8}.Release|Any CPU.Build.0 = Release|Any CPU
	EndGlobalSection
	GlobalSection(SolutionProperties) = preSolution
		HideSolutionNode = FALSE
	EndGlobalSection
	GlobalSection(ExtensibilityGlobals) = postSolution
		SolutionGuid = {CD0F86D4-3CA1-4E4F-A0B2-9A147A5C82C3}
	EndGlobalSection
EndGlobal
